
Microsoft Visual Studio Solution File, Format Version 12.00
# Visual Studio Version 16
VisualStudioVersion = 16.0.31025.194
MinimumVisualStudioVersion = 10.0.40219.1
Project("{FAE04EC0-301F-11D3-BF4B-00C04F79EFBC}") = "Barbearia", "Barbearia\Barbearia.csproj", "{AEE0A074-2D5E-49C3-8B1C-A84CD70F7858}"
EndProject
Project("{FAE04EC0-301F-11D3-BF4B-00C04F79EFBC}") = "Barbearia.Entidades", "Barbearia.Entidades\Barbearia.Entidades.csproj", "{C5E8DDB9-BA7D-4669-8BB3-A66E53573E5B}"
EndProject
Project("{FAE04EC0-301F-11D3-BF4B-00C04F79EFBC}") = "Barbearia.Negocios", "Barbearia.Negocios\Barbearia.Negocios.csproj", "{25053814-D49F-4F9C-8FF0-6BEDA9A9D5A3}"
EndProject
Project("{FAE04EC0-301F-11D3-BF4B-00C04F79EFBC}") = "Barbearia.Dados", "Barbearia.Dados\Barbearia.Dados.csproj", "{EEBDCDF2-1EA9-4051-8951-AF4B8EA9644D}"
EndProject
Project("{FAE04EC0-301F-11D3-BF4B-00C04F79EFBC}") = "Barbearia.Shared", "Barbearia.Shared\Barbearia.Shared.csproj", "{01CD36C4-D09E-4D2F-9D43-D4D6C66C9793}"
EndProject
Project("{FAE04EC0-301F-11D3-BF4B-00C04F79EFBC}") = "BarbeariaTests", "BarbeariaTests\BarbeariaTests.csproj", "{BAABC857-E97E-4601-8401-BBA42D965E18}"
EndProject
Global
	GlobalSection(SolutionConfigurationPlatforms) = preSolution
		Debug|Any CPU = Debug|Any CPU
		Debug|ARM = Debug|ARM
		Debug|ARM64 = Debug|ARM64
		Debug|x64 = Debug|x64
		Debug|x86 = Debug|x86
		Release|Any CPU = Release|Any CPU
		Release|ARM = Release|ARM
		Release|ARM64 = Release|ARM64
		Release|x64 = Release|x64
		Release|x86 = Release|x86
	EndGlobalSection
	GlobalSection(ProjectConfigurationPlatforms) = postSolution
		{AEE0A074-2D5E-49C3-8B1C-A84CD70F7858}.Debug|Any CPU.ActiveCfg = Debug|Any CPU
		{AEE0A074-2D5E-49C3-8B1C-A84CD70F7858}.Debug|Any CPU.Build.0 = Debug|Any CPU
		{AEE0A074-2D5E-49C3-8B1C-A84CD70F7858}.Debug|ARM.ActiveCfg = Debug|Any CPU
		{AEE0A074-2D5E-49C3-8B1C-A84CD70F7858}.Debug|ARM.Build.0 = Debug|Any CPU
		{AEE0A074-2D5E-49C3-8B1C-A84CD70F7858}.Debug|ARM64.ActiveCfg = Debug|Any CPU
		{AEE0A074-2D5E-49C3-8B1C-A84CD70F7858}.Debug|ARM64.Build.0 = Debug|Any CPU
		{AEE0A074-2D5E-49C3-8B1C-A84CD70F7858}.Debug|x64.ActiveCfg = Debug|Any CPU
		{AEE0A074-2D5E-49C3-8B1C-A84CD70F7858}.Debug|x64.Build.0 = Debug|Any CPU
		{AEE0A074-2D5E-49C3-8B1C-A84CD70F7858}.Debug|x86.ActiveCfg = Debug|Any CPU
		{AEE0A074-2D5E-49C3-8B1C-A84CD70F7858}.Debug|x86.Build.0 = Debug|Any CPU
		{AEE0A074-2D5E-49C3-8B1C-A84CD70F7858}.Release|Any CPU.ActiveCfg = Release|Any CPU
		{AEE0A074-2D5E-49C3-8B1C-A84CD70F7858}.Release|Any CPU.Build.0 = Release|Any CPU
		{AEE0A074-2D5E-49C3-8B1C-A84CD70F7858}.Release|ARM.ActiveCfg = Release|Any CPU
		{AEE0A074-2D5E-49C3-8B1C-A84CD70F7858}.Release|ARM.Build.0 = Release|Any CPU
		{AEE0A074-2D5E-49C3-8B1C-A84CD70F7858}.Release|ARM64.ActiveCfg = Release|Any CPU
		{AEE0A074-2D5E-49C3-8B1C-A84CD70F7858}.Release|ARM64.Build.0 = Release|Any CPU
		{AEE0A074-2D5E-49C3-8B1C-A84CD70F7858}.Release|x64.ActiveCfg = Release|Any CPU
		{AEE0A074-2D5E-49C3-8B1C-A84CD70F7858}.Release|x64.Build.0 = Release|Any CPU
		{AEE0A074-2D5E-49C3-8B1C-A84CD70F7858}.Release|x86.ActiveCfg = Release|Any CPU
		{AEE0A074-2D5E-49C3-8B1C-A84CD70F7858}.Release|x86.Build.0 = Release|Any CPU
		{C5E8DDB9-BA7D-4669-8BB3-A66E53573E5B}.Debug|Any CPU.ActiveCfg = Debug|Any CPU
		{C5E8DDB9-BA7D-4669-8BB3-A66E53573E5B}.Debug|Any CPU.Build.0 = Debug|Any CPU
		{C5E8DDB9-BA7D-4669-8BB3-A66E53573E5B}.Debug|ARM.ActiveCfg = Debug|Any CPU
		{C5E8DDB9-BA7D-4669-8BB3-A66E53573E5B}.Debug|ARM.Build.0 = Debug|Any CPU
		{C5E8DDB9-BA7D-4669-8BB3-A66E53573E5B}.Debug|ARM64.ActiveCfg = Debug|Any CPU
		{C5E8DDB9-BA7D-4669-8BB3-A66E53573E5B}.Debug|ARM64.Build.0 = Debug|Any CPU
		{C5E8DDB9-BA7D-4669-8BB3-A66E53573E5B}.Debug|x64.ActiveCfg = Debug|Any CPU
		{C5E8DDB9-BA7D-4669-8BB3-A66E53573E5B}.Debug|x64.Build.0 = Debug|Any CPU
		{C5E8DDB9-BA7D-4669-8BB3-A66E53573E5B}.Debug|x86.ActiveCfg = Debug|Any CPU
		{C5E8DDB9-BA7D-4669-8BB3-A66E53573E5B}.Debug|x86.Build.0 = Debug|Any CPU
		{C5E8DDB9-BA7D-4669-8BB3-A66E53573E5B}.Release|Any CPU.ActiveCfg = Release|Any CPU
		{C5E8DDB9-BA7D-4669-8BB3-A66E53573E5B}.Release|Any CPU.Build.0 = Release|Any CPU
		{C5E8DDB9-BA7D-4669-8BB3-A66E53573E5B}.Release|ARM.ActiveCfg = Release|Any CPU
		{C5E8DDB9-BA7D-4669-8BB3-A66E53573E5B}.Release|ARM.Build.0 = Release|Any CPU
		{C5E8DDB9-BA7D-4669-8BB3-A66E53573E5B}.Release|ARM64.ActiveCfg = Release|Any CPU
		{C5E8DDB9-BA7D-4669-8BB3-A66E53573E5B}.Release|ARM64.Build.0 = Release|Any CPU
		{C5E8DDB9-BA7D-4669-8BB3-A66E53573E5B}.Release|x64.ActiveCfg = Release|Any CPU
		{C5E8DDB9-BA7D-4669-8BB3-A66E53573E5B}.Release|x64.Build.0 = Release|Any CPU
		{C5E8DDB9-BA7D-4669-8BB3-A66E53573E5B}.Release|x86.ActiveCfg = Release|Any CPU
		{C5E8DDB9-BA7D-4669-8BB3-A66E53573E5B}.Release|x86.Build.0 = Release|Any CPU
		{25053814-D49F-4F9C-8FF0-6BEDA9A9D5A3}.Debug|Any CPU.ActiveCfg = Debug|Any CPU
		{25053814-D49F-4F9C-8FF0-6BEDA9A9D5A3}.Debug|Any CPU.Build.0 = Debug|Any CPU
		{25053814-D49F-4F9C-8FF0-6BEDA9A9D5A3}.Debug|ARM.ActiveCfg = Debug|Any CPU
		{25053814-D49F-4F9C-8FF0-6BEDA9A9D5A3}.Debug|ARM.Build.0 = Debug|Any CPU
		{25053814-D49F-4F9C-8FF0-6BEDA9A9D5A3}.Debug|ARM64.ActiveCfg = Debug|Any CPU
		{25053814-D49F-4F9C-8FF0-6BEDA9A9D5A3}.Debug|ARM64.Build.0 = Debug|Any CPU
		{25053814-D49F-4F9C-8FF0-6BEDA9A9D5A3}.Debug|x64.ActiveCfg = Debug|Any CPU
		{25053814-D49F-4F9C-8FF0-6BEDA9A9D5A3}.Debug|x64.Build.0 = Debug|Any CPU
		{25053814-D49F-4F9C-8FF0-6BEDA9A9D5A3}.Debug|x86.ActiveCfg = Debug|Any CPU
		{25053814-D49F-4F9C-8FF0-6BEDA9A9D5A3}.Debug|x86.Build.0 = Debug|Any CPU
		{25053814-D49F-4F9C-8FF0-6BEDA9A9D5A3}.Release|Any CPU.ActiveCfg = Release|Any CPU
		{25053814-D49F-4F9C-8FF0-6BEDA9A9D5A3}.Release|Any CPU.Build.0 = Release|Any CPU
		{25053814-D49F-4F9C-8FF0-6BEDA9A9D5A3}.Release|ARM.ActiveCfg = Release|Any CPU
		{25053814-D49F-4F9C-8FF0-6BEDA9A9D5A3}.Release|ARM.Build.0 = Release|Any CPU
		{25053814-D49F-4F9C-8FF0-6BEDA9A9D5A3}.Release|ARM64.ActiveCfg = Release|Any CPU
		{25053814-D49F-4F9C-8FF0-6BEDA9A9D5A3}.Release|ARM64.Build.0 = Release|Any CPU
		{25053814-D49F-4F9C-8FF0-6BEDA9A9D5A3}.Release|x64.ActiveCfg = Release|Any CPU
		{25053814-D49F-4F9C-8FF0-6BEDA9A9D5A3}.Release|x64.Build.0 = Release|Any CPU
		{25053814-D49F-4F9C-8FF0-6BEDA9A9D5A3}.Release|x86.ActiveCfg = Release|Any CPU
		{25053814-D49F-4F9C-8FF0-6BEDA9A9D5A3}.Release|x86.Build.0 = Release|Any CPU
		{EEBDCDF2-1EA9-4051-8951-AF4B8EA9644D}.Debug|Any CPU.ActiveCfg = Debug|Any CPU
		{EEBDCDF2-1EA9-4051-8951-AF4B8EA9644D}.Debug|Any CPU.Build.0 = Debug|Any CPU
		{EEBDCDF2-1EA9-4051-8951-AF4B8EA9644D}.Debug|ARM.ActiveCfg = Debug|Any CPU
		{EEBDCDF2-1EA9-4051-8951-AF4B8EA9644D}.Debug|ARM.Build.0 = Debug|Any CPU
		{EEBDCDF2-1EA9-4051-8951-AF4B8EA9644D}.Debug|ARM64.ActiveCfg = Debug|Any CPU
		{EEBDCDF2-1EA9-4051-8951-AF4B8EA9644D}.Debug|ARM64.Build.0 = Debug|Any CPU
		{EEBDCDF2-1EA9-4051-8951-AF4B8EA9644D}.Debug|x64.ActiveCfg = Debug|Any CPU
		{EEBDCDF2-1EA9-4051-8951-AF4B8EA9644D}.Debug|x64.Build.0 = Debug|Any CPU
		{EEBDCDF2-1EA9-4051-8951-AF4B8EA9644D}.Debug|x86.ActiveCfg = Debug|Any CPU
		{EEBDCDF2-1EA9-4051-8951-AF4B8EA9644D}.Debug|x86.Build.0 = Debug|Any CPU
		{EEBDCDF2-1EA9-4051-8951-AF4B8EA9644D}.Release|Any CPU.ActiveCfg = Release|Any CPU
		{EEBDCDF2-1EA9-4051-8951-AF4B8EA9644D}.Release|Any CPU.Build.0 = Release|Any CPU
		{EEBDCDF2-1EA9-4051-8951-AF4B8EA9644D}.Release|ARM.ActiveCfg = Release|Any CPU
		{EEBDCDF2-1EA9-4051-8951-AF4B8EA9644D}.Release|ARM.Build.0 = Release|Any CPU
		{EEBDCDF2-1EA9-4051-8951-AF4B8EA9644D}.Release|ARM64.ActiveCfg = Release|Any CPU
		{EEBDCDF2-1EA9-4051-8951-AF4B8EA9644D}.Release|ARM64.Build.0 = Release|Any CPU
		{EEBDCDF2-1EA9-4051-8951-AF4B8EA9644D}.Release|x64.ActiveCfg = Release|Any CPU
		{EEBDCDF2-1EA9-4051-8951-AF4B8EA9644D}.Release|x64.Build.0 = Release|Any CPU
		{EEBDCDF2-1EA9-4051-8951-AF4B8EA9644D}.Release|x86.ActiveCfg = Release|Any CPU
		{EEBDCDF2-1EA9-4051-8951-AF4B8EA9644D}.Release|x86.Build.0 = Release|Any CPU
		{01CD36C4-D09E-4D2F-9D43-D4D6C66C9793}.Debug|Any CPU.ActiveCfg = Debug|Any CPU
		{01CD36C4-D09E-4D2F-9D43-D4D6C66C9793}.Debug|Any CPU.Build.0 = Debug|Any CPU
		{01CD36C4-D09E-4D2F-9D43-D4D6C66C9793}.Debug|ARM.ActiveCfg = Debug|Any CPU
		{01CD36C4-D09E-4D2F-9D43-D4D6C66C9793}.Debug|ARM.Build.0 = Debug|Any CPU
		{01CD36C4-D09E-4D2F-9D43-D4D6C66C9793}.Debug|ARM64.ActiveCfg = Debug|Any CPU
		{01CD36C4-D09E-4D2F-9D43-D4D6C66C9793}.Debug|ARM64.Build.0 = Debug|Any CPU
		{01CD36C4-D09E-4D2F-9D43-D4D6C66C9793}.Debug|x64.ActiveCfg = Debug|Any CPU
		{01CD36C4-D09E-4D2F-9D43-D4D6C66C9793}.Debug|x64.Build.0 = Debug|Any CPU
		{01CD36C4-D09E-4D2F-9D43-D4D6C66C9793}.Debug|x86.ActiveCfg = Debug|Any CPU
		{01CD36C4-D09E-4D2F-9D43-D4D6C66C9793}.Debug|x86.Build.0 = Debug|Any CPU
		{01CD36C4-D09E-4D2F-9D43-D4D6C66C9793}.Release|Any CPU.ActiveCfg = Release|Any CPU
		{01CD36C4-D09E-4D2F-9D43-D4D6C66C9793}.Release|Any CPU.Build.0 = Release|Any CPU
		{01CD36C4-D09E-4D2F-9D43-D4D6C66C9793}.Release|ARM.ActiveCfg = Release|Any CPU
		{01CD36C4-D09E-4D2F-9D43-D4D6C66C9793}.Release|ARM.Build.0 = Release|Any CPU
		{01CD36C4-D09E-4D2F-9D43-D4D6C66C9793}.Release|ARM64.ActiveCfg = Release|Any CPU
		{01CD36C4-D09E-4D2F-9D43-D4D6C66C9793}.Release|ARM64.Build.0 = Release|Any CPU
		{01CD36C4-D09E-4D2F-9D43-D4D6C66C9793}.Release|x64.ActiveCfg = Release|Any CPU
		{01CD36C4-D09E-4D2F-9D43-D4D6C66C9793}.Release|x64.Build.0 = Release|Any CPU
		{01CD36C4-D09E-4D2F-9D43-D4D6C66C9793}.Release|x86.ActiveCfg = Release|Any CPU
		{01CD36C4-D09E-4D2F-9D43-D4D6C66C9793}.Release|x86.Build.0 = Release|Any CPU
		{BAABC857-E97E-4601-8401-BBA42D965E18}.Debug|Any CPU.ActiveCfg = Debug|Any CPU
		{BAABC857-E97E-4601-8401-BBA42D965E18}.Debug|Any CPU.Build.0 = Debug|Any CPU
		{BAABC857-E97E-4601-8401-BBA42D965E18}.Debug|ARM.ActiveCfg = Debug|Any CPU
		{BAABC857-E97E-4601-8401-BBA42D965E18}.Debug|ARM.Build.0 = Debug|Any CPU
		{BAABC857-E97E-4601-8401-BBA42D965E18}.Debug|ARM64.ActiveCfg = Debug|Any CPU
		{BAABC857-E97E-4601-8401-BBA42D965E18}.Debug|ARM64.Build.0 = Debug|Any CPU
		{BAABC857-E97E-4601-8401-BBA42D965E18}.Debug|x64.ActiveCfg = Debug|Any CPU
		{BAABC857-E97E-4601-8401-BBA42D965E18}.Debug|x64.Build.0 = Debug|Any CPU
		{BAABC857-E97E-4601-8401-BBA42D965E18}.Debug|x86.ActiveCfg = Debug|Any CPU
		{BAABC857-E97E-4601-8401-BBA42D965E18}.Debug|x86.Build.0 = Debug|Any CPU
		{BAABC857-E97E-4601-8401-BBA42D965E18}.Release|Any CPU.ActiveCfg = Release|Any CPU
		{BAABC857-E97E-4601-8401-BBA42D965E18}.Release|Any CPU.Build.0 = Release|Any CPU
		{BAABC857-E97E-4601-8401-BBA42D965E18}.Release|ARM.ActiveCfg = Release|Any CPU
		{BAABC857-E97E-4601-8401-BBA42D965E18}.Release|ARM.Build.0 = Release|Any CPU
		{BAABC857-E97E-4601-8401-BBA42D965E18}.Release|ARM64.ActiveCfg = Release|Any CPU
		{BAABC857-E97E-4601-8401-BBA42D965E18}.Release|ARM64.Build.0 = Release|Any CPU
		{BAABC857-E97E-4601-8401-BBA42D965E18}.Release|x64.ActiveCfg = Release|Any CPU
		{BAABC857-E97E-4601-8401-BBA42D965E18}.Release|x64.Build.0 = Release|Any CPU
		{BAABC857-E97E-4601-8401-BBA42D965E18}.Release|x86.ActiveCfg = Release|Any CPU
		{BAABC857-E97E-4601-8401-BBA42D965E18}.Release|x86.Build.0 = Release|Any CPU
	EndGlobalSection
	GlobalSection(SolutionProperties) = preSolution
		HideSolutionNode = FALSE
	EndGlobalSection
	GlobalSection(ExtensibilityGlobals) = postSolution
		SolutionGuid = {61242530-E749-402F-8600-9A7DFB09BF3F}
	EndGlobalSection
EndGlobal
